
Microsoft Visual Studio Solution File, Format Version 12.00
# Visual Studio Version 16
VisualStudioVersion = 16.0.32002.261
MinimumVisualStudioVersion = 10.0.40219.1
Project("{FAE04EC0-301F-11D3-BF4B-00C04F79EFBC}") = "Unach.Areas.WS", "Unach.Areas.WS\Unach.Areas.WS.csproj", "{130518A5-FE52-4FCB-8D47-676CC1F15B69}"
EndProject
Global
	GlobalSection(SolutionConfigurationPlatforms) = preSolution
		Debug|Any CPU = Debug|Any CPU
		Release|Any CPU = Release|Any CPU
	EndGlobalSection
	GlobalSection(ProjectConfigurationPlatforms) = postSolution
		{130518A5-FE52-4FCB-8D47-676CC1F15B69}.Debug|Any CPU.ActiveCfg = Debug|Any CPU
		{130518A5-FE52-4FCB-8D47-676CC1F15B69}.Debug|Any CPU.Build.0 = Debug|Any CPU
		{130518A5-FE52-4FCB-8D47-676CC1F15B69}.Release|Any CPU.ActiveCfg = Release|Any CPU
		{130518A5-FE52-4FCB-8D47-676CC1F15B69}.Release|Any CPU.Build.0 = Release|Any CPU
	EndGlobalSection
	GlobalSection(SolutionProperties) = preSolution
		HideSolutionNode = FALSE
	EndGlobalSection
	GlobalSection(ExtensibilityGlobals) = postSolution
		SolutionGuid = {9EE5D65A-D4BD-46DB-8638-D59D50160186}
	EndGlobalSection
EndGlobal
